{
  "nodes": {
    "agenix": {
      "inputs": {
        "nixpkgs": "nixpkgs"
      },
      "locked": {
        "lastModified": 1640802000,
        "narHash": "sha256-ZiI94Zv/IgW64fqKrtVaQqfUCkn9STvAjgfFmvtqcQ8=",
        "owner": "ryantm",
        "repo": "agenix",
        "rev": "c5558c88b2941bf94886dfdede6926b1ba5f5629",
        "type": "github"
      },
      "original": {
        "owner": "ryantm",
        "repo": "agenix",
        "type": "github"
      }
    },
    "hardware": {
      "locked": {
        "lastModified": 1640686209,
        "narHash": "sha256-6glXUlKRDhEhNuYx6r3fXU6KH2/Vq9mJZjB9oUpwrmc=",
        "owner": "nixos",
        "repo": "nixos-hardware",
        "rev": "46df95ca81e7e4cf3458cdb4b7d1714b5fce9da5",
        "type": "github"
      },
      "original": {
        "owner": "nixos",
        "repo": "nixos-hardware",
        "type": "github"
      }
    },
    "home": {
      "inputs": {
        "nixpkgs": "nixpkgs_2"
      },
      "locked": {
        "lastModified": 1641459437,
        "narHash": "sha256-z0IOcc6LLbVhyri/aTyWzRqJs3p1pBK9idOiMwCWiqs=",
        "owner": "nix-community",
        "repo": "home-manager",
        "rev": "c751aeb19e84a0a777f36fd5ea73482a066bb406",
        "type": "github"
      },
      "original": {
        "owner": "nix-community",
        "repo": "home-manager",
        "type": "github"
      }
    },
    "nixpkgs": {
      "locked": {
        "lastModified": 1618628710,
        "narHash": "sha256-9xIoU+BrCpjs5nfWcd/GlU7XCVdnNKJPffoNTxgGfhs=",
        "path": "/nix/store/z1rf17q0fxj935cmplzys4gg6nxj1as0-source",
        "rev": "7919518f0235106d050c77837df5e338fb94de5d",
        "type": "path"
      },
      "original": {
        "id": "nixpkgs",
        "type": "indirect"
      }
    },
    "nixpkgs_2": {
      "locked": {
        "lastModified": 1641463613,
        "narHash": "sha256-xZN9igqdZvnhSeTx8OlGby/OaYQHwgXVrBrPW0gLEh8=",
        "owner": "NixOS",
        "repo": "nixpkgs",
        "rev": "77fda7f672726e1a95c8cd200f27bccfc86c870b",
        "type": "github"
      },
      "original": {
        "id": "nixpkgs",
        "type": "indirect"
      }
    },
    "nur": {
      "locked": {
        "lastModified": 1641530121,
        "narHash": "sha256-1/9HJFLk17rq+K/2/vIssNBMxxwqrzjFVAo6tpXV1+I=",
        "owner": "nix-community",
        "repo": "NUR",
        "rev": "1866181b8ad25ef20782d419e5b0b9c82d8fd9a9",
        "type": "github"
      },
      "original": {
        "owner": "nix-community",
        "repo": "NUR",
        "type": "github"
      }
    },
    "oldstable": {
      "locked": {
        "lastModified": 1635350005,
        "narHash": "sha256-tAMJnUwfaDEB2aa31jGcu7R7bzGELM9noc91L2PbVjg=",
        "owner": "nixos",
        "repo": "nixpkgs",
        "rev": "1c1f5649bb9c1b0d98637c8c365228f57126f361",
        "type": "github"
      },
      "original": {
        "owner": "nixos",
        "ref": "nixos-20.09",
        "repo": "nixpkgs",
        "type": "github"
      }
    },
    "root": {
      "inputs": {
        "agenix": "agenix",
        "hardware": "hardware",
        "home": "home",
        "nixpkgs": [
          "unstable"
        ],
        "nur": "nur",
        "oldstable": "oldstable",
        "stable": "stable",
        "unstable": "unstable"
      }
    },
    "stable": {
      "locked": {
        "lastModified": 1641423937,
        "narHash": "sha256-iIBSDySeZ79FDFiI5but9EtOIRc5Ncu/gq27Hg/yXjo=",
        "owner": "nixos",
        "repo": "nixpkgs",
        "rev": "e67c94a1adbb5cf8a0448bc9c434589b2dd293c2",
        "type": "github"
      },
      "original": {
        "owner": "nixos",
        "ref": "nixos-21.11",
        "repo": "nixpkgs",
        "type": "github"
      }
    },
    "unstable": {
      "locked": {
        "lastModified": 1641230035,
        "narHash": "sha256-hFyqihERaTbLxCOlugy/rpp22VLtLh8SPRnA2uu3F/8=",
        "owner": "nixos",
        "repo": "nixpkgs",
        "rev": "78cd22c1b8604de423546cd49bfe264b786eca13",
        "type": "github"
      },
      "original": {
        "owner": "nixos",
        "ref": "nixos-unstable",
        "repo": "nixpkgs",
        "type": "github"
      }
    }
  },
  "root": "root",
  "version": 7
}
