{
  "nodes": {
    "emacs": {
      "locked": {
        "lastModified": 1626542694,
        "narHash": "sha256-SZy1GWgZSfb0Qq1r6aVo6+dsCJVjfF1V5GArkroYjmo=",
        "owner": "nix-community",
        "repo": "emacs-overlay",
        "rev": "458d30ef17167e390d0280d0f954ca8ee61ef701",
        "type": "github"
      },
      "original": {
        "owner": "nix-community",
        "repo": "emacs-overlay",
        "type": "github"
      }
    },
    "home": {
      "inputs": {
        "nixpkgs": "nixpkgs"
      },
      "locked": {
        "lastModified": 1624228557,
        "narHash": "sha256-wwOqe73BsrXfRv1PhyXQFNC8iTET50KvE/HitdkRgxs=",
        "owner": "nix-community",
        "repo": "home-manager",
        "rev": "35a24648d155843a4d162de98c17b1afd5db51e4",
        "type": "github"
      },
      "original": {
        "owner": "nix-community",
        "ref": "release-21.05",
        "repo": "home-manager",
        "type": "github"
      }
    },
    "nixpkgs": {
      "locked": {
        "lastModified": 1626583478,
        "narHash": "sha256-D23CErvD30NtAMgFsWcfv+NEtKBeX/QUPq5KzGQpqTA=",
        "owner": "NixOS",
        "repo": "nixpkgs",
        "rev": "64cdc97f4dd74f3f6611cabeb9acb5116b4151ca",
        "type": "github"
      },
      "original": {
        "id": "nixpkgs",
        "type": "indirect"
      }
    },
    "nur": {
      "locked": {
        "lastModified": 1626568559,
        "narHash": "sha256-TLMKxmrCkmJqX7zEMMJSwu1+PYKT6gTqftQy0EeNBoE=",
        "owner": "nix-community",
        "repo": "NUR",
        "rev": "7d14d19d097c115dfe75d0338646d9488dcd4601",
        "type": "github"
      },
      "original": {
        "owner": "nix-community",
        "repo": "NUR",
        "type": "github"
      }
    },
    "root": {
      "inputs": {
        "emacs": "emacs",
        "home": "home",
        "nixpkgs": [
          "unstable"
        ],
        "nur": "nur",
        "stable": "stable",
        "unstable": "unstable"
      }
    },
    "stable": {
      "locked": {
        "lastModified": 1625876282,
        "narHash": "sha256-z/Gv+11Uzdv3HcQCY+xGi1+iuc3rmCaPzxxDSMnuRAI=",
        "owner": "nixos",
        "repo": "nixpkgs",
        "rev": "068984c00e0d4e54b6684d98f6ac47c92dcb642e",
        "type": "github"
      },
      "original": {
        "owner": "nixos",
        "ref": "nixos-20.09",
        "repo": "nixpkgs",
        "type": "github"
      }
    },
    "unstable": {
      "locked": {
        "lastModified": 1626464457,
        "narHash": "sha256-u2PCh/+8vQSLwf0mPpKHKQ8hAPB3l4uNZR3r0TdK2Lg=",
        "owner": "nixos",
        "repo": "nixpkgs",
        "rev": "c6c4a3d45ab200f17805d2d86a1ff1cc7ca2b186",
        "type": "github"
      },
      "original": {
        "owner": "nixos",
        "ref": "nixos-unstable",
        "repo": "nixpkgs",
        "type": "github"
      }
    }
  },
  "root": "root",
  "version": 7
}
