{
  "nodes": {
    "emacs": {
      "locked": {
        "lastModified": 1627178902,
        "narHash": "sha256-yxyk4uSt0BTXsHldSsmAvp6W0s/oB4yzz3+mDk6D0Uo=",
        "owner": "nix-community",
        "repo": "emacs-overlay",
        "rev": "22ae5aea4e421aa6191c38f3790d4b007c6f3b87",
        "type": "github"
      },
      "original": {
        "owner": "nix-community",
        "repo": "emacs-overlay",
        "type": "github"
      }
    },
    "home": {
      "inputs": {
        "nixpkgs": "nixpkgs"
      },
      "locked": {
        "lastModified": 1627158444,
        "narHash": "sha256-+C0SqhyQQplhcmWl681ODGNWUng8Wp1yvC/MdI1Q7hY=",
        "owner": "nix-community",
        "repo": "home-manager",
        "rev": "9c0abed5228d54aad120b4bc757b6f5935aeda1c",
        "type": "github"
      },
      "original": {
        "owner": "nix-community",
        "ref": "release-21.05",
        "repo": "home-manager",
        "type": "github"
      }
    },
    "nixpkgs": {
      "locked": {
        "lastModified": 1627183886,
        "narHash": "sha256-65y4YDDbWLlDK/i2qrWRjt/ti5qgIbEV6+FU2K7CQoQ=",
        "owner": "NixOS",
        "repo": "nixpkgs",
        "rev": "1730d167ec5a997554da787e40f49d4d05ca699a",
        "type": "github"
      },
      "original": {
        "id": "nixpkgs",
        "type": "indirect"
      }
    },
    "nur": {
      "locked": {
        "lastModified": 1627180487,
        "narHash": "sha256-u4/qJQTmyLH6zJh6rz8cLEACGEOjuDaGmq9SAYq/gks=",
        "owner": "nix-community",
        "repo": "NUR",
        "rev": "d91c86348f98132cf3ef9d2714e60582254175cf",
        "type": "github"
      },
      "original": {
        "owner": "nix-community",
        "repo": "NUR",
        "type": "github"
      }
    },
    "root": {
      "inputs": {
        "emacs": "emacs",
        "home": "home",
        "nixpkgs": [
          "unstable"
        ],
        "nur": "nur",
        "stable": "stable",
        "unstable": "unstable"
      }
    },
    "stable": {
      "locked": {
        "lastModified": 1625876282,
        "narHash": "sha256-z/Gv+11Uzdv3HcQCY+xGi1+iuc3rmCaPzxxDSMnuRAI=",
        "owner": "nixos",
        "repo": "nixpkgs",
        "rev": "068984c00e0d4e54b6684d98f6ac47c92dcb642e",
        "type": "github"
      },
      "original": {
        "owner": "nixos",
        "ref": "nixos-20.09",
        "repo": "nixpkgs",
        "type": "github"
      }
    },
    "unstable": {
      "locked": {
        "lastModified": 1627128856,
        "narHash": "sha256-yw3lA8zyNFhj309lmxvNByEEymRT1rRy5oE+jEPnsP4=",
        "owner": "nixos",
        "repo": "nixpkgs",
        "rev": "dd14e5d78e90a2ccd6007e569820de9b4861a6c2",
        "type": "github"
      },
      "original": {
        "owner": "nixos",
        "ref": "nixos-unstable",
        "repo": "nixpkgs",
        "type": "github"
      }
    }
  },
  "root": "root",
  "version": 7
}
