{
  "nodes": {
    "emacs": {
      "locked": {
        "lastModified": 1628733533,
        "narHash": "sha256-nBqxmdIEFvNGeitko87cpOoZ36IWE4eNOWBfK5DWVjo=",
        "owner": "nix-community",
        "repo": "emacs-overlay",
        "rev": "4947b85a89f10799ef9b8bc1ee924c47f7919363",
        "type": "github"
      },
      "original": {
        "owner": "nix-community",
        "repo": "emacs-overlay",
        "type": "github"
      }
    },
    "home": {
      "inputs": {
        "nixpkgs": "nixpkgs"
      },
      "locked": {
        "lastModified": 1627649712,
        "narHash": "sha256-AJBasvMKpsyJmCLdjroBElCHY5AlalbVy+XY5vjbgXc=",
        "owner": "nix-community",
        "repo": "home-manager",
        "rev": "b39647e52ed3c0b989e9d5c965e598ae4c38d7ef",
        "type": "github"
      },
      "original": {
        "owner": "nix-community",
        "ref": "release-21.05",
        "repo": "home-manager",
        "type": "github"
      }
    },
    "nixpkgs": {
      "locked": {
        "lastModified": 1628737210,
        "narHash": "sha256-5xUfT0dSNmKs42P/K6bSpg9vyFWQrJzxd46mmuLNfqE=",
        "owner": "NixOS",
        "repo": "nixpkgs",
        "rev": "1f29c36fe842c2012b74c07a772d17c4620e03b6",
        "type": "github"
      },
      "original": {
        "id": "nixpkgs",
        "type": "indirect"
      }
    },
    "nur": {
      "locked": {
        "lastModified": 1628741373,
        "narHash": "sha256-uYHeKDO9j2eNe3yO1g+2k3RmBqn5rYewR3QtEySefbw=",
        "owner": "nix-community",
        "repo": "NUR",
        "rev": "9816408259bc7a45e8953030a028e34eff905a1a",
        "type": "github"
      },
      "original": {
        "owner": "nix-community",
        "repo": "NUR",
        "type": "github"
      }
    },
    "root": {
      "inputs": {
        "emacs": "emacs",
        "home": "home",
        "nixpkgs": [
          "unstable"
        ],
        "nur": "nur",
        "stable": "stable",
        "unstable": "unstable"
      }
    },
    "stable": {
      "locked": {
        "lastModified": 1625876282,
        "narHash": "sha256-z/Gv+11Uzdv3HcQCY+xGi1+iuc3rmCaPzxxDSMnuRAI=",
        "owner": "nixos",
        "repo": "nixpkgs",
        "rev": "068984c00e0d4e54b6684d98f6ac47c92dcb642e",
        "type": "github"
      },
      "original": {
        "owner": "nixos",
        "ref": "nixos-20.09",
        "repo": "nixpkgs",
        "type": "github"
      }
    },
    "unstable": {
      "locked": {
        "lastModified": 1628693817,
        "narHash": "sha256-WtlM8ptjcUUWRvbpkToKJHzLlGCEXZKGh+SfwUYHobA=",
        "owner": "nixos",
        "repo": "nixpkgs",
        "rev": "9df2cb074d72ea80ac9fd225b29060c8cf13dd39",
        "type": "github"
      },
      "original": {
        "owner": "nixos",
        "ref": "nixos-unstable",
        "repo": "nixpkgs",
        "type": "github"
      }
    }
  },
  "root": "root",
  "version": 7
}
