{
  "nodes": {
    "emacs": {
      "locked": {
        "lastModified": 1631006176,
        "narHash": "sha256-LQAl2ysCgaZ1ngPP55AsIabytvTRtS6HNUCeFqI4g7E=",
        "owner": "nix-community",
        "repo": "emacs-overlay",
        "rev": "eed63bc5604893d067912e4b81efd67446bd61e2",
        "type": "github"
      },
      "original": {
        "owner": "nix-community",
        "repo": "emacs-overlay",
        "type": "github"
      }
    },
    "hardware": {
      "locked": {
        "lastModified": 1629975021,
        "narHash": "sha256-+z4pK5yvoIKAIPGnyxt7I7Y9yX72HFP2krppGENpn6I=",
        "owner": "nixos",
        "repo": "nixos-hardware",
        "rev": "342048461da7fc743e588ee744080c045613a226",
        "type": "github"
      },
      "original": {
        "owner": "nixos",
        "repo": "nixos-hardware",
        "type": "github"
      }
    },
    "home": {
      "inputs": {
        "nixpkgs": "nixpkgs"
      },
      "locked": {
        "lastModified": 1630994117,
        "narHash": "sha256-48kEZupGc1BKeTDLK1ctgMCxLOaiVt5KLliKf7qwWNM=",
        "owner": "nix-community",
        "repo": "home-manager",
        "rev": "0dab813748b86c5bde5fdfebcbce4bc184c93b32",
        "type": "github"
      },
      "original": {
        "owner": "nix-community",
        "repo": "home-manager",
        "type": "github"
      }
    },
    "nixpkgs": {
      "locked": {
        "lastModified": 1631005855,
        "narHash": "sha256-kPCqxc2iv8qh3WBPQTYAbJQthprJHQRXMH0UtdWeXXg=",
        "owner": "NixOS",
        "repo": "nixpkgs",
        "rev": "11aedaec1f545d6b02cbe5fedc79629ee1dca557",
        "type": "github"
      },
      "original": {
        "id": "nixpkgs",
        "type": "indirect"
      }
    },
    "nur": {
      "locked": {
        "lastModified": 1631003971,
        "narHash": "sha256-afGinZNZV19PNp+nbgdDdknoe1/5CMV3Nlq9jUa11x0=",
        "owner": "nix-community",
        "repo": "NUR",
        "rev": "00472860965428ca229b44932852ca0ba442bada",
        "type": "github"
      },
      "original": {
        "owner": "nix-community",
        "repo": "NUR",
        "type": "github"
      }
    },
    "oldstable": {
      "locked": {
        "lastModified": 1625876282,
        "narHash": "sha256-z/Gv+11Uzdv3HcQCY+xGi1+iuc3rmCaPzxxDSMnuRAI=",
        "owner": "nixos",
        "repo": "nixpkgs",
        "rev": "068984c00e0d4e54b6684d98f6ac47c92dcb642e",
        "type": "github"
      },
      "original": {
        "owner": "nixos",
        "ref": "nixos-20.09",
        "repo": "nixpkgs",
        "type": "github"
      }
    },
    "root": {
      "inputs": {
        "emacs": "emacs",
        "hardware": "hardware",
        "home": "home",
        "nixpkgs": [
          "unstable"
        ],
        "nur": "nur",
        "oldstable": "oldstable",
        "stable": "stable",
        "unstable": "unstable"
      }
    },
    "stable": {
      "locked": {
        "lastModified": 1630927478,
        "narHash": "sha256-y2z+/r1QhRRkPr0Dzl0O7qXdZ0jfr32w7OlfXr2XNik=",
        "owner": "nixos",
        "repo": "nixpkgs",
        "rev": "fd6dba47199a7c249e64c1aa1fef01ee78e58481",
        "type": "github"
      },
      "original": {
        "owner": "nixos",
        "ref": "nixos-21.05",
        "repo": "nixpkgs",
        "type": "github"
      }
    },
    "unstable": {
      "locked": {
        "lastModified": 1630850248,
        "narHash": "sha256-OzJi6Olf7mSVhGt3W7qOMVP5Qk1lH60zlHeCcITzfv0=",
        "owner": "nixos",
        "repo": "nixpkgs",
        "rev": "23d5823337f4502dfa17e192d8c53a47cabcb6b4",
        "type": "github"
      },
      "original": {
        "owner": "nixos",
        "ref": "nixos-unstable",
        "repo": "nixpkgs",
        "type": "github"
      }
    }
  },
  "root": "root",
  "version": 7
}
