{
  "nodes": {
    "emacs": {
      "locked": {
        "lastModified": 1631640088,
        "narHash": "sha256-vO0HTtz939+MYIa+V/NhL9ukejnGnj9zV6/tcFHZaqk=",
        "owner": "nix-community",
        "repo": "emacs-overlay",
        "rev": "a12736ea74a0ff688704adc2b22ff4f70b39bd07",
        "type": "github"
      },
      "original": {
        "owner": "nix-community",
        "repo": "emacs-overlay",
        "type": "github"
      }
    },
    "hardware": {
      "locked": {
        "lastModified": 1631525163,
        "narHash": "sha256-sHwZa4C1edJn1ngPtlHGJQatvh1aiAeLEqn2i1wcph4=",
        "owner": "nixos",
        "repo": "nixos-hardware",
        "rev": "a387b870f809ca62edb231ded669302d389a6401",
        "type": "github"
      },
      "original": {
        "owner": "nixos",
        "repo": "nixos-hardware",
        "type": "github"
      }
    },
    "home": {
      "inputs": {
        "nixpkgs": "nixpkgs"
      },
      "locked": {
        "lastModified": 1631658300,
        "narHash": "sha256-LsKiOWHtfOgatuIOSfuznj1vKfz7TYSzYPx3RzU9Ibo=",
        "owner": "nix-community",
        "repo": "home-manager",
        "rev": "562449b50354ac224adc4265803cba40b931ae7b",
        "type": "github"
      },
      "original": {
        "owner": "nix-community",
        "repo": "home-manager",
        "type": "github"
      }
    },
    "nixpkgs": {
      "locked": {
        "lastModified": 1631663639,
        "narHash": "sha256-5oMEq+P2krgBbqogWx1k1JrsTCG0pUVYS9DvDzNNV3o=",
        "owner": "NixOS",
        "repo": "nixpkgs",
        "rev": "bcd607489d76795508c48261e1ad05f5d4b7672f",
        "type": "github"
      },
      "original": {
        "id": "nixpkgs",
        "type": "indirect"
      }
    },
    "nur": {
      "locked": {
        "lastModified": 1631659162,
        "narHash": "sha256-M5Yt6d/nE9sfAmFNGS8hm7aNlro2yz54BPnTzQWxPN4=",
        "owner": "nix-community",
        "repo": "NUR",
        "rev": "07e6ff82427c69ae355a8c0283e7371989ea2781",
        "type": "github"
      },
      "original": {
        "owner": "nix-community",
        "repo": "NUR",
        "type": "github"
      }
    },
    "oldstable": {
      "locked": {
        "lastModified": 1625876282,
        "narHash": "sha256-z/Gv+11Uzdv3HcQCY+xGi1+iuc3rmCaPzxxDSMnuRAI=",
        "owner": "nixos",
        "repo": "nixpkgs",
        "rev": "068984c00e0d4e54b6684d98f6ac47c92dcb642e",
        "type": "github"
      },
      "original": {
        "owner": "nixos",
        "ref": "nixos-20.09",
        "repo": "nixpkgs",
        "type": "github"
      }
    },
    "root": {
      "inputs": {
        "emacs": "emacs",
        "hardware": "hardware",
        "home": "home",
        "nixpkgs": [
          "unstable"
        ],
        "nur": "nur",
        "oldstable": "oldstable",
        "stable": "stable",
        "unstable": "unstable"
      }
    },
    "stable": {
      "locked": {
        "lastModified": 1631545603,
        "narHash": "sha256-aT2UoEOnlEBpMRZKBLu/OBsDNTZQS48scjcL936VSLI=",
        "owner": "nixos",
        "repo": "nixpkgs",
        "rev": "b3083bc6933eb7fa4ee7bd4802e9f72b56f3e654",
        "type": "github"
      },
      "original": {
        "owner": "nixos",
        "ref": "nixos-21.05",
        "repo": "nixpkgs",
        "type": "github"
      }
    },
    "unstable": {
      "locked": {
        "lastModified": 1631470189,
        "narHash": "sha256-hkUPYlpNOY9nbG1ByRin9NzPAYnPtwq/nGxO/DoeZd0=",
        "owner": "nixos",
        "repo": "nixpkgs",
        "rev": "364b5555ee04bf61ee0075a3adab4c9351a8d38c",
        "type": "github"
      },
      "original": {
        "owner": "nixos",
        "ref": "nixos-unstable",
        "repo": "nixpkgs",
        "type": "github"
      }
    }
  },
  "root": "root",
  "version": 7
}
