{
  "nodes": {
    "emacs": {
      "locked": {
        "lastModified": 1632330967,
        "narHash": "sha256-bNcrnPaox8/Dd2dxEde3Dbjv95HzA6v3n8EfrorgyXY=",
        "owner": "nix-community",
        "repo": "emacs-overlay",
        "rev": "4fef1820fe8d3272838e0c42e7267f9f81123b0e",
        "type": "github"
      },
      "original": {
        "owner": "nix-community",
        "repo": "emacs-overlay",
        "type": "github"
      }
    },
    "hardware": {
      "locked": {
        "lastModified": 1632267580,
        "narHash": "sha256-AvNXdmaPHYs6idbfgu1H40vEw4Wq15xLAgCnpCN1l1A=",
        "owner": "nixos",
        "repo": "nixos-hardware",
        "rev": "3cc8c47af31798040ea62499090540413279f832",
        "type": "github"
      },
      "original": {
        "owner": "nixos",
        "repo": "nixos-hardware",
        "type": "github"
      }
    },
    "home": {
      "inputs": {
        "nixpkgs": "nixpkgs"
      },
      "locked": {
        "lastModified": 1632256651,
        "narHash": "sha256-+jbZKohfqTjp/5SwudwIhYzmFqmGDlIG99V5lOE4Yjg=",
        "owner": "nix-community",
        "repo": "home-manager",
        "rev": "58aa667e28ca4a6a2159b1f3258ef5d494d5ecb6",
        "type": "github"
      },
      "original": {
        "owner": "nix-community",
        "repo": "home-manager",
        "type": "github"
      }
    },
    "nixpkgs": {
      "locked": {
        "lastModified": 1632347498,
        "narHash": "sha256-T0Sx5s4midTS+dd5UMgIr61oHpynrL4siGlpOGBfxy0=",
        "owner": "NixOS",
        "repo": "nixpkgs",
        "rev": "ed4f741c9c7ff7d2283d216debd3a721fd1b6ec2",
        "type": "github"
      },
      "original": {
        "id": "nixpkgs",
        "type": "indirect"
      }
    },
    "nur": {
      "locked": {
        "lastModified": 1632348381,
        "narHash": "sha256-4TFmCNyQUCOqOmvObWpADyQcYLvwCP0n4Xm9D480QLE=",
        "owner": "nix-community",
        "repo": "NUR",
        "rev": "752846b22288b693ee6428ec10dcd0e6cd96bc54",
        "type": "github"
      },
      "original": {
        "owner": "nix-community",
        "repo": "NUR",
        "type": "github"
      }
    },
    "oldstable": {
      "locked": {
        "lastModified": 1625876282,
        "narHash": "sha256-z/Gv+11Uzdv3HcQCY+xGi1+iuc3rmCaPzxxDSMnuRAI=",
        "owner": "nixos",
        "repo": "nixpkgs",
        "rev": "068984c00e0d4e54b6684d98f6ac47c92dcb642e",
        "type": "github"
      },
      "original": {
        "owner": "nixos",
        "ref": "nixos-20.09",
        "repo": "nixpkgs",
        "type": "github"
      }
    },
    "root": {
      "inputs": {
        "emacs": "emacs",
        "hardware": "hardware",
        "home": "home",
        "nixpkgs": [
          "unstable"
        ],
        "nur": "nur",
        "oldstable": "oldstable",
        "stable": "stable",
        "unstable": "unstable"
      }
    },
    "stable": {
      "locked": {
        "lastModified": 1632291606,
        "narHash": "sha256-oEN24XJYAFK9tsD13TzLEizpgQigEfgC6i9x1b/1pVU=",
        "owner": "nixos",
        "repo": "nixpkgs",
        "rev": "83413f47809790e4ca012e314e7782adeae36cf2",
        "type": "github"
      },
      "original": {
        "owner": "nixos",
        "ref": "nixos-21.05",
        "repo": "nixpkgs",
        "type": "github"
      }
    },
    "unstable": {
      "locked": {
        "lastModified": 1631962327,
        "narHash": "sha256-h2fgtNHozEcB42BQ1QVWAJUpQ1FA3gpgq/RrOKAxbfE=",
        "owner": "nixos",
        "repo": "nixpkgs",
        "rev": "bc9b956714ed6eac5f8888322aac5bc41389defa",
        "type": "github"
      },
      "original": {
        "owner": "nixos",
        "ref": "nixos-unstable",
        "repo": "nixpkgs",
        "type": "github"
      }
    }
  },
  "root": "root",
  "version": 7
}
